
Microsoft Visual Studio Solution File, Format Version 12.00
# Visual Studio Version 17
VisualStudioVersion = 17.10.35122.118
MinimumVisualStudioVersion = 10.0.40219.1
Project("{8BC9CEB8-8B4A-11D0-8D11-00A0C91BC942}") = "Skyline Cyber Café", "Skyline Cyber Café\Skyline Cyber Café.vcxproj", "{E11AC7F6-F7BE-4A6E-9CBE-EABF6AD188EB}"
EndProject
Global
	GlobalSection(SolutionConfigurationPlatforms) = preSolution
		Debug|x64 = Debug|x64
		Debug|x86 = Debug|x86
		Release|x64 = Release|x64
		Release|x86 = Release|x86
	EndGlobalSection
	GlobalSection(ProjectConfigurationPlatforms) = postSolution
		{E11AC7F6-F7BE-4A6E-9CBE-EABF6AD188EB}.Debug|x64.ActiveCfg = Debug|x64
		{E11AC7F6-F7BE-4A6E-9CBE-EABF6AD188EB}.Debug|x64.Build.0 = Debug|x64
		{E11AC7F6-F7BE-4A6E-9CBE-EABF6AD188EB}.Debug|x86.ActiveCfg = Debug|Win32
		{E11AC7F6-F7BE-4A6E-9CBE-EABF6AD188EB}.Debug|x86.Build.0 = Debug|Win32
		{E11AC7F6-F7BE-4A6E-9CBE-EABF6AD188EB}.Release|x64.ActiveCfg = Release|x64
		{E11AC7F6-F7BE-4A6E-9CBE-EABF6AD188EB}.Release|x64.Build.0 = Release|x64
		{E11AC7F6-F7BE-4A6E-9CBE-EABF6AD188EB}.Release|x86.ActiveCfg = Release|Win32
		{E11AC7F6-F7BE-4A6E-9CBE-EABF6AD188EB}.Release|x86.Build.0 = Release|Win32
	EndGlobalSection
	GlobalSection(SolutionProperties) = preSolution
		HideSolutionNode = FALSE
	EndGlobalSection
	GlobalSection(ExtensibilityGlobals) = postSolution
		SolutionGuid = {4BCF5DE1-A1F5-4E7A-BA4E-E7F9AA34D0EE}
	EndGlobalSection
EndGlobal
